
Microsoft Visual Studio Solution File, Format Version 12.00
# Visual Studio Express 14 for Windows Desktop
VisualStudioVersion = 14.0.25420.1
MinimumVisualStudioVersion = 10.0.40219.1
Project("{8BC9CEB8-8B4A-11D0-8D11-00A0C91BC942}") = "Simutrans", "Simutrans.vcxproj", "{22F1D479-5066-4DE7-BD4F-B297BEC21D1C}"
EndProject
Global
	GlobalSection(SolutionConfigurationPlatforms) = preSolution
		Debug|Win32 = Debug|Win32
		Release|Win32 = Release|Win32
	EndGlobalSection
	GlobalSection(ProjectConfigurationPlatforms) = postSolution
		{22F1D479-5066-4DE7-BD4F-B297BEC21D1C}.Debug|Win32.ActiveCfg = Debug|Win32
		{22F1D479-5066-4DE7-BD4F-B297BEC21D1C}.Debug|Win32.Build.0 = Debug|Win32
		{22F1D479-5066-4DE7-BD4F-B297BEC21D1C}.Release|Win32.ActiveCfg = Release|Win32
		{22F1D479-5066-4DE7-BD4F-B297BEC21D1C}.Release|Win32.Build.0 = Release|Win32
	EndGlobalSection
	GlobalSection(SolutionProperties) = preSolution
		HideSolutionNode = FALSE
	EndGlobalSection
EndGlobal
